// !$*UTF8*$!
{
	archiveVersion = 1;
	classes = {
	};
	objectVersion = 46;
	objects = {

/* Begin PBXBuildFile section */
		C643F4E61DE6CD8700AFF506 /* AppDelegate.swift in Sources */ = {isa = PBXBuildFile; fileRef = C643F4E51DE6CD8700AFF506 /* AppDelegate.swift */; };
		C643F4EB1DE6CD8700AFF506 /* Main.storyboard in Resources */ = {isa = PBXBuildFile; fileRef = C643F4E91DE6CD8700AFF506 /* Main.storyboard */; };
		C643F4EE1DE6CD8700AFF506 /* RealmTask101.xcdatamodeld in Sources */ = {isa = PBXBuildFile; fileRef = C643F4EC1DE6CD8700AFF506 /* RealmTask101.xcdatamodeld */; };
		C643F4F01DE6CD8700AFF506 /* Assets.xcassets in Resources */ = {isa = PBXBuildFile; fileRef = C643F4EF1DE6CD8700AFF506 /* Assets.xcassets */; };
		C643F4F31DE6CD8700AFF506 /* LaunchScreen.storyboard in Resources */ = {isa = PBXBuildFile; fileRef = C643F4F11DE6CD8700AFF506 /* LaunchScreen.storyboard */; };
		C643F4FE1DE6CD8700AFF506 /* RealmTask101Tests.swift in Sources */ = {isa = PBXBuildFile; fileRef = C643F4FD1DE6CD8700AFF506 /* RealmTask101Tests.swift */; };
		C643F5091DE6CD8700AFF506 /* RealmTask101UITests.swift in Sources */ = {isa = PBXBuildFile; fileRef = C643F5081DE6CD8700AFF506 /* RealmTask101UITests.swift */; };
		C6606D181DE903C50056A8A9 /* Task.swift in Sources */ = {isa = PBXBuildFile; fileRef = C6606D171DE903C50056A8A9 /* Task.swift */; };
		C6C009EF1DE6D24200107A38 /* TableViewController.swift in Sources */ = {isa = PBXBuildFile; fileRef = C6C009EE1DE6D24200107A38 /* TableViewController.swift */; };
		C6C009F31DE6D56700107A38 /* TableViewCell.swift in Sources */ = {isa = PBXBuildFile; fileRef = C6C009F21DE6D56700107A38 /* TableViewCell.swift */; };
		F077B3330B4007E148E2E845 /* Pods_RealmTask101.framework in Frameworks */ = {isa = PBXBuildFile; fileRef = A2AEC2D54EFD1C204B096229 /* Pods_RealmTask101.framework */; };
/* End PBXBuildFile section */

/* Begin PBXContainerItemProxy section */
		C643F4FA1DE6CD8700AFF506 /* PBXContainerItemProxy */ = {
			isa = PBXContainerItemProxy;
			containerPortal = C643F4DA1DE6CD8600AFF506 /* Project object */;
			proxyType = 1;
			remoteGlobalIDString = C643F4E11DE6CD8600AFF506;
			remoteInfo = RealmTask101;
		};
		C643F5051DE6CD8700AFF506 /* PBXContainerItemProxy */ = {
			isa = PBXContainerItemProxy;
			containerPortal = C643F4DA1DE6CD8600AFF506 /* Project object */;
			proxyType = 1;
			remoteGlobalIDString = C643F4E11DE6CD8600AFF506;
			remoteInfo = RealmTask101;
		};
/* End PBXContainerItemProxy section */

/* Begin PBXFileReference section */
		2772279DADDC911CCD8AD059 /* Pods_RealmTask101Tests.framework */ = {isa = PBXFileReference; explicitFileType = wrapper.framework; includeInIndex = 0; path = Pods_RealmTask101Tests.framework; sourceTree = BUILT_PRODUCTS_DIR; };
		2BCAE378E0795CA325397FFB /* Pods_RealmTask101UITests.framework */ = {isa = PBXFileReference; explicitFileType = wrapper.framework; includeInIndex = 0; path = Pods_RealmTask101UITests.framework; sourceTree = BUILT_PRODUCTS_DIR; };
		A2AEC2D54EFD1C204B096229 /* Pods_RealmTask101.framework */ = {isa = PBXFileReference; explicitFileType = wrapper.framework; includeInIndex = 0; path = Pods_RealmTask101.framework; sourceTree = BUILT_PRODUCTS_DIR; };
		A8557FBB449E67A460A89582 /* Pods-RealmTask101.debug.xcconfig */ = {isa = PBXFileReference; includeInIndex = 1; lastKnownFileType = text.xcconfig; name = "Pods-RealmTask101.debug.xcconfig"; path = "Pods/Target Support Files/Pods-RealmTask101/Pods-RealmTask101.debug.xcconfig"; sourceTree = "<group>"; };
		C643F4E21DE6CD8700AFF506 /* RealmTask101.app */ = {isa = PBXFileReference; explicitFileType = wrapper.application; includeInIndex = 0; path = RealmTask101.app; sourceTree = BUILT_PRODUCTS_DIR; };
		C643F4E51DE6CD8700AFF506 /* AppDelegate.swift */ = {isa = PBXFileReference; lastKnownFileType = sourcecode.swift; path = AppDelegate.swift; sourceTree = "<group>"; };
		C643F4EA1DE6CD8700AFF506 /* Base */ = {isa = PBXFileReference; lastKnownFileType = file.storyboard; name = Base; path = Base.lproj/Main.storyboard; sourceTree = "<group>"; };
		C643F4ED1DE6CD8700AFF506 /* RealmTask101.xcdatamodel */ = {isa = PBXFileReference; lastKnownFileType = wrapper.xcdatamodel; path = RealmTask101.xcdatamodel; sourceTree = "<group>"; };
		C643F4EF1DE6CD8700AFF506 /* Assets.xcassets */ = {isa = PBXFileReference; lastKnownFileType = folder.assetcatalog; path = Assets.xcassets; sourceTree = "<group>"; };
		C643F4F21DE6CD8700AFF506 /* Base */ = {isa = PBXFileReference; lastKnownFileType = file.storyboard; name = Base; path = Base.lproj/LaunchScreen.storyboard; sourceTree = "<group>"; };
		C643F4F41DE6CD8700AFF506 /* Info.plist */ = {isa = PBXFileReference; lastKnownFileType = text.plist.xml; path = Info.plist; sourceTree = "<group>"; };
		C643F4F91DE6CD8700AFF506 /* RealmTask101Tests.xctest */ = {isa = PBXFileReference; explicitFileType = wrapper.cfbundle; includeInIndex = 0; path = RealmTask101Tests.xctest; sourceTree = BUILT_PRODUCTS_DIR; };
		C643F4FD1DE6CD8700AFF506 /* RealmTask101Tests.swift */ = {isa = PBXFileReference; lastKnownFileType = sourcecode.swift; path = RealmTask101Tests.swift; sourceTree = "<group>"; };
		C643F4FF1DE6CD8700AFF506 /* Info.plist */ = {isa = PBXFileReference; lastKnownFileType = text.plist.xml; path = Info.plist; sourceTree = "<group>"; };
		C643F5041DE6CD8700AFF506 /* RealmTask101UITests.xctest */ = {isa = PBXFileReference; explicitFileType = wrapper.cfbundle; includeInIndex = 0; path = RealmTask101UITests.xctest; sourceTree = BUILT_PRODUCTS_DIR; };
		C643F5081DE6CD8700AFF506 /* RealmTask101UITests.swift */ = {isa = PBXFileReference; lastKnownFileType = sourcecode.swift; path = RealmTask101UITests.swift; sourceTree = "<group>"; };
		C643F50A1DE6CD8700AFF506 /* Info.plist */ = {isa = PBXFileReference; lastKnownFileType = text.plist.xml; path = Info.plist; sourceTree = "<group>"; };
		C66048091DE765F30039B0DE /* RealmTask101.entitlements */ = {isa = PBXFileReference; lastKnownFileType = text.plist.entitlements; path = RealmTask101.entitlements; sourceTree = "<group>"; };
		C6606D171DE903C50056A8A9 /* Task.swift */ = {isa = PBXFileReference; fileEncoding = 4; lastKnownFileType = sourcecode.swift; path = Task.swift; sourceTree = "<group>"; };
		C6C009EE1DE6D24200107A38 /* TableViewController.swift */ = {isa = PBXFileReference; fileEncoding = 4; lastKnownFileType = sourcecode.swift; path = TableViewController.swift; sourceTree = "<group>"; };
		C6C009F21DE6D56700107A38 /* TableViewCell.swift */ = {isa = PBXFileReference; fileEncoding = 4; lastKnownFileType = sourcecode.swift; path = TableViewCell.swift; sourceTree = "<group>"; };
		D941C9E5D448CE8D8C57D8A6 /* Pods-RealmTask101.release.xcconfig */ = {isa = PBXFileReference; includeInIndex = 1; lastKnownFileType = text.xcconfig; name = "Pods-RealmTask101.release.xcconfig"; path = "Pods/Target Support Files/Pods-RealmTask101/Pods-RealmTask101.release.xcconfig"; sourceTree = "<group>"; };
/* End PBXFileReference section */

/* Begin PBXFrameworksBuildPhase section */
		C643F4DF1DE6CD8600AFF506 /* Frameworks */ = {
			isa = PBXFrameworksBuildPhase;
			buildActionMask = 2147483647;
			files = (
				F077B3330B4007E148E2E845 /* Pods_RealmTask101.framework in Frameworks */,
			);
			runOnlyForDeploymentPostprocessing = 0;
		};
		C643F4F61DE6CD8700AFF506 /* Frameworks */ = {
			isa = PBXFrameworksBuildPhase;
			buildActionMask = 2147483647;
			files = (
			);
			runOnlyForDeploymentPostprocessing = 0;
		};
		C643F5011DE6CD8700AFF506 /* Frameworks */ = {
			isa = PBXFrameworksBuildPhase;
			buildActionMask = 2147483647;
			files = (
			);
			runOnlyForDeploymentPostprocessing = 0;
		};
/* End PBXFrameworksBuildPhase section */

/* Begin PBXGroup section */
		77698625FC6AB2B61A6FA1C2 /* Pods */ = {
			isa = PBXGroup;
			children = (
				A8557FBB449E67A460A89582 /* Pods-RealmTask101.debug.xcconfig */,
				D941C9E5D448CE8D8C57D8A6 /* Pods-RealmTask101.release.xcconfig */,
			);
			name = Pods;
			sourceTree = "<group>";
		};
		C643F4D91DE6CD8600AFF506 = {
			isa = PBXGroup;
			children = (
				C643F4E41DE6CD8700AFF506 /* RealmTask101 */,
				C643F4FC1DE6CD8700AFF506 /* RealmTask101Tests */,
				C643F5071DE6CD8700AFF506 /* RealmTask101UITests */,
				C643F4E31DE6CD8700AFF506 /* Products */,
				77698625FC6AB2B61A6FA1C2 /* Pods */,
				E913EAFDDDCE9ED114D0E1F6 /* Frameworks */,
			);
			sourceTree = "<group>";
		};
		C643F4E31DE6CD8700AFF506 /* Products */ = {
			isa = PBXGroup;
			children = (
				C643F4E21DE6CD8700AFF506 /* RealmTask101.app */,
				C643F4F91DE6CD8700AFF506 /* RealmTask101Tests.xctest */,
				C643F5041DE6CD8700AFF506 /* RealmTask101UITests.xctest */,
			);
			name = Products;
			sourceTree = "<group>";
		};
		C643F4E41DE6CD8700AFF506 /* RealmTask101 */ = {
			isa = PBXGroup;
			children = (
				C66048091DE765F30039B0DE /* RealmTask101.entitlements */,
				C6C009E91DE6CE5F00107A38 /* Model */,
				C643F4E51DE6CD8700AFF506 /* AppDelegate.swift */,
				C6C009EE1DE6D24200107A38 /* TableViewController.swift */,
				C6C009F21DE6D56700107A38 /* TableViewCell.swift */,
				C643F4E91DE6CD8700AFF506 /* Main.storyboard */,
				C643F4EF1DE6CD8700AFF506 /* Assets.xcassets */,
				C643F4F11DE6CD8700AFF506 /* LaunchScreen.storyboard */,
				C643F4F41DE6CD8700AFF506 /* Info.plist */,
				C643F4EC1DE6CD8700AFF506 /* RealmTask101.xcdatamodeld */,
			);
			path = RealmTask101;
			sourceTree = "<group>";
		};
		C643F4FC1DE6CD8700AFF506 /* RealmTask101Tests */ = {
			isa = PBXGroup;
			children = (
				C643F4FD1DE6CD8700AFF506 /* RealmTask101Tests.swift */,
				C643F4FF1DE6CD8700AFF506 /* Info.plist */,
			);
			path = RealmTask101Tests;
			sourceTree = "<group>";
		};
		C643F5071DE6CD8700AFF506 /* RealmTask101UITests */ = {
			isa = PBXGroup;
			children = (
				C643F5081DE6CD8700AFF506 /* RealmTask101UITests.swift */,
				C643F50A1DE6CD8700AFF506 /* Info.plist */,
			);
			path = RealmTask101UITests;
			sourceTree = "<group>";
		};
		C6C009E91DE6CE5F00107A38 /* Model */ = {
			isa = PBXGroup;
			children = (
				C6606D171DE903C50056A8A9 /* Task.swift */,
			);
			name = Model;
			sourceTree = "<group>";
		};
		E913EAFDDDCE9ED114D0E1F6 /* Frameworks */ = {
			isa = PBXGroup;
			children = (
				A2AEC2D54EFD1C204B096229 /* Pods_RealmTask101.framework */,
				2772279DADDC911CCD8AD059 /* Pods_RealmTask101Tests.framework */,
				2BCAE378E0795CA325397FFB /* Pods_RealmTask101UITests.framework */,
			);
			name = Frameworks;
			sourceTree = "<group>";
		};
/* End PBXGroup section */

/* Begin PBXNativeTarget section */
		C643F4E11DE6CD8600AFF506 /* RealmTask101 */ = {
			isa = PBXNativeTarget;
			buildConfigurationList = C643F50D1DE6CD8700AFF506 /* Build configuration list for PBXNativeTarget "RealmTask101" */;
			buildPhases = (
				469EC62A99018A31E4A5EB70 /* [CP] Check Pods Manifest.lock */,
				C643F4DE1DE6CD8600AFF506 /* Sources */,
				C643F4DF1DE6CD8600AFF506 /* Frameworks */,
				C643F4E01DE6CD8600AFF506 /* Resources */,
				13DF932FE02AB2BE6C13044D /* [CP] Embed Pods Frameworks */,
				0C803D8679E066471DD288C5 /* [CP] Copy Pods Resources */,
			);
			buildRules = (
			);
			dependencies = (
			);
			name = RealmTask101;
			productName = RealmTask101;
			productReference = C643F4E21DE6CD8700AFF506 /* RealmTask101.app */;
			productType = "com.apple.product-type.application";
		};
		C643F4F81DE6CD8700AFF506 /* RealmTask101Tests */ = {
			isa = PBXNativeTarget;
			buildConfigurationList = C643F5101DE6CD8700AFF506 /* Build configuration list for PBXNativeTarget "RealmTask101Tests" */;
			buildPhases = (
				C643F4F51DE6CD8700AFF506 /* Sources */,
				C643F4F61DE6CD8700AFF506 /* Frameworks */,
				C643F4F71DE6CD8700AFF506 /* Resources */,
			);
			buildRules = (
			);
			dependencies = (
				C643F4FB1DE6CD8700AFF506 /* PBXTargetDependency */,
			);
			name = RealmTask101Tests;
			productName = RealmTask101Tests;
			productReference = C643F4F91DE6CD8700AFF506 /* RealmTask101Tests.xctest */;
			productType = "com.apple.product-type.bundle.unit-test";
		};
		C643F5031DE6CD8700AFF506 /* RealmTask101UITests */ = {
			isa = PBXNativeTarget;
			buildConfigurationList = C643F5131DE6CD8700AFF506 /* Build configuration list for PBXNativeTarget "RealmTask101UITests" */;
			buildPhases = (
				C643F5001DE6CD8700AFF506 /* Sources */,
				C643F5011DE6CD8700AFF506 /* Frameworks */,
				C643F5021DE6CD8700AFF506 /* Resources */,
			);
			buildRules = (
			);
			dependencies = (
				C643F5061DE6CD8700AFF506 /* PBXTargetDependency */,
			);
			name = RealmTask101UITests;
			productName = RealmTask101UITests;
			productReference = C643F5041DE6CD8700AFF506 /* RealmTask101UITests.xctest */;
			productType = "com.apple.product-type.bundle.ui-testing";
		};
/* End PBXNativeTarget section */

/* Begin PBXProject section */
		C643F4DA1DE6CD8600AFF506 /* Project object */ = {
			isa = PBXProject;
			attributes = {
				LastSwiftUpdateCheck = 0810;
				LastUpgradeCheck = 0810;
				ORGANIZATIONNAME = "Buka Cakrawala";
				TargetAttributes = {
					C643F4E11DE6CD8600AFF506 = {
						CreatedOnToolsVersion = 8.1;
						DevelopmentTeam = T9R33YRSR8;
						ProvisioningStyle = Automatic;
						SystemCapabilities = {
							com.apple.Keychain = {
								enabled = 1;
							};
						};
					};
					C643F4F81DE6CD8700AFF506 = {
						CreatedOnToolsVersion = 8.1;
						DevelopmentTeam = TRR5Q7F2CV;
						ProvisioningStyle = Automatic;
						TestTargetID = C643F4E11DE6CD8600AFF506;
					};
					C643F5031DE6CD8700AFF506 = {
						CreatedOnToolsVersion = 8.1;
						DevelopmentTeam = TRR5Q7F2CV;
						ProvisioningStyle = Automatic;
						TestTargetID = C643F4E11DE6CD8600AFF506;
					};
				};
			};
			buildConfigurationList = C643F4DD1DE6CD8600AFF506 /* Build configuration list for PBXProject "RealmTask101" */;
			compatibilityVersion = "Xcode 3.2";
			developmentRegion = English;
			hasScannedForEncodings = 0;
			knownRegions = (
				en,
				Base,
			);
			mainGroup = C643F4D91DE6CD8600AFF506;
			productRefGroup = C643F4E31DE6CD8700AFF506 /* Products */;
			projectDirPath = "";
			projectRoot = "";
			targets = (
				C643F4E11DE6CD8600AFF506 /* RealmTask101 */,
				C643F4F81DE6CD8700AFF506 /* RealmTask101Tests */,
				C643F5031DE6CD8700AFF506 /* RealmTask101UITests */,
			);
		};
/* End PBXProject section */

/* Begin PBXResourcesBuildPhase section */
		C643F4E01DE6CD8600AFF506 /* Resources */ = {
			isa = PBXResourcesBuildPhase;
			buildActionMask = 2147483647;
			files = (
				C643F4F31DE6CD8700AFF506 /* LaunchScreen.storyboard in Resources */,
				C643F4F01DE6CD8700AFF506 /* Assets.xcassets in Resources */,
				C643F4EB1DE6CD8700AFF506 /* Main.storyboard in Resources */,
			);
			runOnlyForDeploymentPostprocessing = 0;
		};
		C643F4F71DE6CD8700AFF506 /* Resources */ = {
			isa = PBXResourcesBuildPhase;
			buildActionMask = 2147483647;
			files = (
			);
			runOnlyForDeploymentPostprocessing = 0;
		};
		C643F5021DE6CD8700AFF506 /* Resources */ = {
			isa = PBXResourcesBuildPhase;
			buildActionMask = 2147483647;
			files = (
			);
			runOnlyForDeploymentPostprocessing = 0;
		};
/* End PBXResourcesBuildPhase section */

/* Begin PBXShellScriptBuildPhase section */
		0C803D8679E066471DD288C5 /* [CP] Copy Pods Resources */ = {
			isa = PBXShellScriptBuildPhase;
			buildActionMask = 2147483647;
			files = (
			);
			inputPaths = (
			);
			name = "[CP] Copy Pods Resources";
			outputPaths = (
			);
			runOnlyForDeploymentPostprocessing = 0;
			shellPath = /bin/sh;
			shellScript = "\"${SRCROOT}/Pods/Target Support Files/Pods-RealmTask101/Pods-RealmTask101-resources.sh\"\n";
			showEnvVarsInLog = 0;
		};
		13DF932FE02AB2BE6C13044D /* [CP] Embed Pods Frameworks */ = {
			isa = PBXShellScriptBuildPhase;
			buildActionMask = 2147483647;
			files = (
			);
			inputPaths = (
			);
			name = "[CP] Embed Pods Frameworks";
			outputPaths = (
			);
			runOnlyForDeploymentPostprocessing = 0;
			shellPath = /bin/sh;
			shellScript = "\"${SRCROOT}/Pods/Target Support Files/Pods-RealmTask101/Pods-RealmTask101-frameworks.sh\"\n";
			showEnvVarsInLog = 0;
		};
		469EC62A99018A31E4A5EB70 /* [CP] Check Pods Manifest.lock */ = {
			isa = PBXShellScriptBuildPhase;
			buildActionMask = 2147483647;
			files = (
			);
			inputPaths = (
			);
			name = "[CP] Check Pods Manifest.lock";
			outputPaths = (
			);
			runOnlyForDeploymentPostprocessing = 0;
			shellPath = /bin/sh;
			shellScript = "diff \"${PODS_ROOT}/../Podfile.lock\" \"${PODS_ROOT}/Manifest.lock\" > /dev/null\nif [ $? != 0 ] ; then\n    # print error to STDERR\n    echo \"error: The sandbox is not in sync with the Podfile.lock. Run 'pod install' or update your CocoaPods installation.\" >&2\n    exit 1\nfi\n";
			showEnvVarsInLog = 0;
		};
/* End PBXShellScriptBuildPhase section */

/* Begin PBXSourcesBuildPhase section */
		C643F4DE1DE6CD8600AFF506 /* Sources */ = {
			isa = PBXSourcesBuildPhase;
			buildActionMask = 2147483647;
			files = (
				C6C009F31DE6D56700107A38 /* TableViewCell.swift in Sources */,
				C643F4EE1DE6CD8700AFF506 /* RealmTask101.xcdatamodeld in Sources */,
				C6606D181DE903C50056A8A9 /* Task.swift in Sources */,
				C6C009EF1DE6D24200107A38 /* TableViewController.swift in Sources */,
				C643F4E61DE6CD8700AFF506 /* AppDelegate.swift in Sources */,
			);
			runOnlyForDeploymentPostprocessing = 0;
		};
		C643F4F51DE6CD8700AFF506 /* Sources */ = {
			isa = PBXSourcesBuildPhase;
			buildActionMask = 2147483647;
			files = (
				C643F4FE1DE6CD8700AFF506 /* RealmTask101Tests.swift in Sources */,
			);
			runOnlyForDeploymentPostprocessing = 0;
		};
		C643F5001DE6CD8700AFF506 /* Sources */ = {
			isa = PBXSourcesBuildPhase;
			buildActionMask = 2147483647;
			files = (
				C643F5091DE6CD8700AFF506 /* RealmTask101UITests.swift in Sources */,
			);
			runOnlyForDeploymentPostprocessing = 0;
		};
/* End PBXSourcesBuildPhase section */

/* Begin PBXTargetDependency section */
		C643F4FB1DE6CD8700AFF506 /* PBXTargetDependency */ = {
			isa = PBXTargetDependency;
			target = C643F4E11DE6CD8600AFF506 /* RealmTask101 */;
			targetProxy = C643F4FA1DE6CD8700AFF506 /* PBXContainerItemProxy */;
		};
		C643F5061DE6CD8700AFF506 /* PBXTargetDependency */ = {
			isa = PBXTargetDependency;
			target = C643F4E11DE6CD8600AFF506 /* RealmTask101 */;
			targetProxy = C643F5051DE6CD8700AFF506 /* PBXContainerItemProxy */;
		};
/* End PBXTargetDependency section */

/* Begin PBXVariantGroup section */
		C643F4E91DE6CD8700AFF506 /* Main.storyboard */ = {
			isa = PBXVariantGroup;
			children = (
				C643F4EA1DE6CD8700AFF506 /* Base */,
			);
			name = Main.storyboard;
			sourceTree = "<group>";
		};
		C643F4F11DE6CD8700AFF506 /* LaunchScreen.storyboard */ = {
			isa = PBXVariantGroup;
			children = (
				C643F4F21DE6CD8700AFF506 /* Base */,
			);
			name = LaunchScreen.storyboard;
			sourceTree = "<group>";
		};
/* End PBXVariantGroup section */

/* Begin XCBuildConfiguration section */
		C643F50B1DE6CD8700AFF506 /* Debug */ = {
			isa = XCBuildConfiguration;
			buildSettings = {
				ALWAYS_SEARCH_USER_PATHS = NO;
				CLANG_ANALYZER_NONNULL = YES;
				CLANG_CXX_LANGUAGE_STANDARD = "gnu++0x";
				CLANG_CXX_LIBRARY = "libc++";
				CLANG_ENABLE_MODULES = YES;
				CLANG_ENABLE_OBJC_ARC = YES;
				CLANG_WARN_BOOL_CONVERSION = YES;
				CLANG_WARN_CONSTANT_CONVERSION = YES;
				CLANG_WARN_DIRECT_OBJC_ISA_USAGE = YES_ERROR;
				CLANG_WARN_DOCUMENTATION_COMMENTS = YES;
				CLANG_WARN_EMPTY_BODY = YES;
				CLANG_WARN_ENUM_CONVERSION = YES;
				CLANG_WARN_INFINITE_RECURSION = YES;
				CLANG_WARN_INT_CONVERSION = YES;
				CLANG_WARN_OBJC_ROOT_CLASS = YES_ERROR;
				CLANG_WARN_SUSPICIOUS_MOVES = YES;
				CLANG_WARN_UNREACHABLE_CODE = YES;
				CLANG_WARN__DUPLICATE_METHOD_MATCH = YES;
				"CODE_SIGN_IDENTITY[sdk=iphoneos*]" = "iPhone Developer";
				COPY_PHASE_STRIP = NO;
				DEBUG_INFORMATION_FORMAT = dwarf;
				ENABLE_STRICT_OBJC_MSGSEND = YES;
				ENABLE_TESTABILITY = YES;
				GCC_C_LANGUAGE_STANDARD = gnu99;
				GCC_DYNAMIC_NO_PIC = NO;
				GCC_NO_COMMON_BLOCKS = YES;
				GCC_OPTIMIZATION_LEVEL = 0;
				GCC_PREPROCESSOR_DEFINITIONS = (
					"DEBUG=1",
					"$(inherited)",
				);
				GCC_WARN_64_TO_32_BIT_CONVERSION = YES;
				GCC_WARN_ABOUT_RETURN_TYPE = YES_ERROR;
				GCC_WARN_UNDECLARED_SELECTOR = YES;
				GCC_WARN_UNINITIALIZED_AUTOS = YES_AGGRESSIVE;
				GCC_WARN_UNUSED_FUNCTION = YES;
				GCC_WARN_UNUSED_VARIABLE = YES;
				IPHONEOS_DEPLOYMENT_TARGET = 10.1;
				MTL_ENABLE_DEBUG_INFO = YES;
				ONLY_ACTIVE_ARCH = YES;
				SDKROOT = iphoneos;
				SWIFT_ACTIVE_COMPILATION_CONDITIONS = DEBUG;
				SWIFT_OPTIMIZATION_LEVEL = "-Onone";
				TARGETED_DEVICE_FAMILY = "1,2";
			};
			name = Debug;
		};
		C643F50C1DE6CD8700AFF506 /* Release */ = {
			isa = XCBuildConfiguration;
			buildSettings = {
				ALWAYS_SEARCH_USER_PATHS = NO;
				CLANG_ANALYZER_NONNULL = YES;
				CLANG_CXX_LANGUAGE_STANDARD = "gnu++0x";
				CLANG_CXX_LIBRARY = "libc++";
				CLANG_ENABLE_MODULES = YES;
				CLANG_ENABLE_OBJC_ARC = YES;
				CLANG_WARN_BOOL_CONVERSION = YES;
				CLANG_WARN_CONSTANT_CONVERSION = YES;
				CLANG_WARN_DIRECT_OBJC_ISA_USAGE = YES_ERROR;
				CLANG_WARN_DOCUMENTATION_COMMENTS = YES;
				CLANG_WARN_EMPTY_BODY = YES;
				CLANG_WARN_ENUM_CONVERSION = YES;
				CLANG_WARN_INFINITE_RECURSION = YES;
				CLANG_WARN_INT_CONVERSION = YES;
				CLANG_WARN_OBJC_ROOT_CLASS = YES_ERROR;
				CLANG_WARN_SUSPICIOUS_MOVES = YES;
				CLANG_WARN_UNREACHABLE_CODE = YES;
				CLANG_WARN__DUPLICATE_METHOD_MATCH = YES;
				"CODE_SIGN_IDENTITY[sdk=iphoneos*]" = "iPhone Developer";
				COPY_PHASE_STRIP = NO;
				DEBUG_INFORMATION_FORMAT = "dwarf-with-dsym";
				ENABLE_NS_ASSERTIONS = NO;
				ENABLE_STRICT_OBJC_MSGSEND = YES;
				GCC_C_LANGUAGE_STANDARD = gnu99;
				GCC_NO_COMMON_BLOCKS = YES;
				GCC_WARN_64_TO_32_BIT_CONVERSION = YES;
				GCC_WARN_ABOUT_RETURN_TYPE = YES_ERROR;
				GCC_WARN_UNDECLARED_SELECTOR = YES;
				GCC_WARN_UNINITIALIZED_AUTOS = YES_AGGRESSIVE;
				GCC_WARN_UNUSED_FUNCTION = YES;
				GCC_WARN_UNUSED_VARIABLE = YES;
				IPHONEOS_DEPLOYMENT_TARGET = 10.1;
				MTL_ENABLE_DEBUG_INFO = NO;
				SDKROOT = iphoneos;
				SWIFT_OPTIMIZATION_LEVEL = "-Owholemodule";
				TARGETED_DEVICE_FAMILY = "1,2";
				VALIDATE_PRODUCT = YES;
			};
			name = Release;
		};
		C643F50E1DE6CD8700AFF506 /* Debug */ = {
			isa = XCBuildConfiguration;
			baseConfigurationReference = A8557FBB449E67A460A89582 /* Pods-RealmTask101.debug.xcconfig */;
			buildSettings = {
				ASSETCATALOG_COMPILER_APPICON_NAME = AppIcon;
				CODE_SIGN_ENTITLEMENTS = RealmTask101/RealmTask101.entitlements;
				DEVELOPMENT_TEAM = T9R33YRSR8;
				INFOPLIST_FILE = RealmTask101/Info.plist;
				LD_RUNPATH_SEARCH_PATHS = "$(inherited) @executable_path/Frameworks";
				PRODUCT_BUNDLE_IDENTIFIER = com.kaka.RealmTask101;
				PRODUCT_NAME = "$(TARGET_NAME)";
				SWIFT_VERSION = 3.0;
			};
			name = Debug;
		};
		C643F50F1DE6CD8700AFF506 /* Release */ = {
			isa = XCBuildConfiguration;
			baseConfigurationReference = D941C9E5D448CE8D8C57D8A6 /* Pods-RealmTask101.release.xcconfig */;
			buildSettings = {
				ASSETCATALOG_COMPILER_APPICON_NAME = AppIcon;
				CODE_SIGN_ENTITLEMENTS = RealmTask101/RealmTask101.entitlements;
				DEVELOPMENT_TEAM = T9R33YRSR8;
				INFOPLIST_FILE = RealmTask101/Info.plist;
				LD_RUNPATH_SEARCH_PATHS = "$(inherited) @executable_path/Frameworks";
				PRODUCT_BUNDLE_IDENTIFIER = com.kaka.RealmTask101;
				PRODUCT_NAME = "$(TARGET_NAME)";
				SWIFT_VERSION = 3.0;
			};
			name = Release;
		};
		C643F5111DE6CD8700AFF506 /* Debug */ = {
			isa = XCBuildConfiguration;
			buildSettings = {
				ALWAYS_EMBED_SWIFT_STANDARD_LIBRARIES = YES;
				BUNDLE_LOADER = "$(TEST_HOST)";
				DEVELOPMENT_TEAM = TRR5Q7F2CV;
				INFOPLIST_FILE = RealmTask101Tests/Info.plist;
				LD_RUNPATH_SEARCH_PATHS = "$(inherited) @executable_path/Frameworks @loader_path/Frameworks";
				PRODUCT_BUNDLE_IDENTIFIER = com.kaka.RealmTask101Tests;
				PRODUCT_NAME = "$(TARGET_NAME)";
				SWIFT_VERSION = 3.0;
				TEST_HOST = "$(BUILT_PRODUCTS_DIR)/RealmTask101.app/RealmTask101";
			};
			name = Debug;
		};
		C643F5121DE6CD8700AFF506 /* Release */ = {
			isa = XCBuildConfiguration;
			buildSettings = {
				ALWAYS_EMBED_SWIFT_STANDARD_LIBRARIES = YES;
				BUNDLE_LOADER = "$(TEST_HOST)";
				DEVELOPMENT_TEAM = TRR5Q7F2CV;
				INFOPLIST_FILE = RealmTask101Tests/Info.plist;
				LD_RUNPATH_SEARCH_PATHS = "$(inherited) @executable_path/Frameworks @loader_path/Frameworks";
				PRODUCT_BUNDLE_IDENTIFIER = com.kaka.RealmTask101Tests;
				PRODUCT_NAME = "$(TARGET_NAME)";
				SWIFT_VERSION = 3.0;
				TEST_HOST = "$(BUILT_PRODUCTS_DIR)/RealmTask101.app/RealmTask101";
			};
			name = Release;
		};
		C643F5141DE6CD8700AFF506 /* Debug */ = {
			isa = XCBuildConfiguration;
			buildSettings = {
				ALWAYS_EMBED_SWIFT_STANDARD_LIBRARIES = YES;
				DEVELOPMENT_TEAM = TRR5Q7F2CV;
				INFOPLIST_FILE = RealmTask101UITests/Info.plist;
				LD_RUNPATH_SEARCH_PATHS = "$(inherited) @executable_path/Frameworks @loader_path/Frameworks";
				PRODUCT_BUNDLE_IDENTIFIER = com.kaka.RealmTask101UITests;
				PRODUCT_NAME = "$(TARGET_NAME)";
				SWIFT_VERSION = 3.0;
				TEST_TARGET_NAME = RealmTask101;
			};
			name = Debug;
		};
		C643F5151DE6CD8700AFF506 /* Release */ = {
			isa = XCBuildConfiguration;
			buildSettings = {
				ALWAYS_EMBED_SWIFT_STANDARD_LIBRARIES = YES;
				DEVELOPMENT_TEAM = TRR5Q7F2CV;
				INFOPLIST_FILE = RealmTask101UITests/Info.plist;
				LD_RUNPATH_SEARCH_PATHS = "$(inherited) @executable_path/Frameworks @loader_path/Frameworks";
				PRODUCT_BUNDLE_IDENTIFIER = com.kaka.RealmTask101UITests;
				PRODUCT_NAME = "$(TARGET_NAME)";
				SWIFT_VERSION = 3.0;
				TEST_TARGET_NAME = RealmTask101;
			};
			name = Release;
		};
/* End XCBuildConfiguration section */

/* Begin XCConfigurationList section */
		C643F4DD1DE6CD8600AFF506 /* Build configuration list for PBXProject "RealmTask101" */ = {
			isa = XCConfigurationList;
			buildConfigurations = (
				C643F50B1DE6CD8700AFF506 /* Debug */,
				C643F50C1DE6CD8700AFF506 /* Release */,
			);
			defaultConfigurationIsVisible = 0;
			defaultConfigurationName = Release;
		};
		C643F50D1DE6CD8700AFF506 /* Build configuration list for PBXNativeTarget "RealmTask101" */ = {
			isa = XCConfigurationList;
			buildConfigurations = (
				C643F50E1DE6CD8700AFF506 /* Debug */,
				C643F50F1DE6CD8700AFF506 /* Release */,
			);
			defaultConfigurationIsVisible = 0;
			defaultConfigurationName = Release;
		};
		C643F5101DE6CD8700AFF506 /* Build configuration list for PBXNativeTarget "RealmTask101Tests" */ = {
			isa = XCConfigurationList;
			buildConfigurations = (
				C643F5111DE6CD8700AFF506 /* Debug */,
				C643F5121DE6CD8700AFF506 /* Release */,
			);
			defaultConfigurationIsVisible = 0;
			defaultConfigurationName = Release;
		};
		C643F5131DE6CD8700AFF506 /* Build configuration list for PBXNativeTarget "RealmTask101UITests" */ = {
			isa = XCConfigurationList;
			buildConfigurations = (
				C643F5141DE6CD8700AFF506 /* Debug */,
				C643F5151DE6CD8700AFF506 /* Release */,
			);
			defaultConfigurationIsVisible = 0;
			defaultConfigurationName = Release;
		};
/* End XCConfigurationList section */

/* Begin XCVersionGroup section */
		C643F4EC1DE6CD8700AFF506 /* RealmTask101.xcdatamodeld */ = {
			isa = XCVersionGroup;
			children = (
				C643F4ED1DE6CD8700AFF506 /* RealmTask101.xcdatamodel */,
			);
			currentVersion = C643F4ED1DE6CD8700AFF506 /* RealmTask101.xcdatamodel */;
			path = RealmTask101.xcdatamodeld;
			sourceTree = "<group>";
			versionGroupType = wrapper.xcdatamodel;
		};
/* End XCVersionGroup section */
	};
	rootObject = C643F4DA1DE6CD8600AFF506 /* Project object */;
}
